
Microsoft Visual Studio Solution File, Format Version 12.00
# Visual Studio Version 17
VisualStudioVersion = 17.13.35818.85 d17.13
MinimumVisualStudioVersion = 10.0.40219.1
Project("{FAE04EC0-301F-11D3-BF4B-00C04F79EFBC}") = "PropertyExperts.API", "PropertyExpertsAPI\PropertyExperts.API.csproj", "{9EED0716-6EF3-4859-9138-87468E024966}"
EndProject
Project("{FAE04EC0-301F-11D3-BF4B-00C04F79EFBC}") = "PropertyExperts.Test", "PropertyExperts.Test\PropertyExperts.Test.csproj", "{923ED7A7-0E90-4584-B7CD-C62BDC343FD1}"
EndProject
Global
	GlobalSection(SolutionConfigurationPlatforms) = preSolution
		Debug|Any CPU = Debug|Any CPU
		Release|Any CPU = Release|Any CPU
	EndGlobalSection
	GlobalSection(ProjectConfigurationPlatforms) = postSolution
		{9EED0716-6EF3-4859-9138-87468E024966}.Debug|Any CPU.ActiveCfg = Debug|Any CPU
		{9EED0716-6EF3-4859-9138-87468E024966}.Debug|Any CPU.Build.0 = Debug|Any CPU
		{9EED0716-6EF3-4859-9138-87468E024966}.Release|Any CPU.ActiveCfg = Release|Any CPU
		{9EED0716-6EF3-4859-9138-87468E024966}.Release|Any CPU.Build.0 = Release|Any CPU
		{923ED7A7-0E90-4584-B7CD-C62BDC343FD1}.Debug|Any CPU.ActiveCfg = Debug|Any CPU
		{923ED7A7-0E90-4584-B7CD-C62BDC343FD1}.Debug|Any CPU.Build.0 = Debug|Any CPU
		{923ED7A7-0E90-4584-B7CD-C62BDC343FD1}.Release|Any CPU.ActiveCfg = Release|Any CPU
		{923ED7A7-0E90-4584-B7CD-C62BDC343FD1}.Release|Any CPU.Build.0 = Release|Any CPU
	EndGlobalSection
	GlobalSection(SolutionProperties) = preSolution
		HideSolutionNode = FALSE
	EndGlobalSection
	GlobalSection(ExtensibilityGlobals) = postSolution
		SolutionGuid = {E397A16F-4514-4006-AF30-AAA594A6FA15}
	EndGlobalSection
EndGlobal
